
Microsoft Visual Studio Solution File, Format Version 12.00
# Visual Studio Version 17
VisualStudioVersion = 17.13.35825.156 d17.13
MinimumVisualStudioVersion = 10.0.40219.1
Project("{FAE04EC0-301F-11D3-BF4B-00C04F79EFBC}") = "ALCAssessment", "ALCAssessment.csproj", "{14FAA2E6-3233-4566-8A79-9421DA6C5CE4}"
EndProject
Global
	GlobalSection(SolutionConfigurationPlatforms) = preSolution
		Debug|Any CPU = Debug|Any CPU
		Release|Any CPU = Release|Any CPU
	EndGlobalSection
	GlobalSection(ProjectConfigurationPlatforms) = postSolution
		{14FAA2E6-3233-4566-8A79-9421DA6C5CE4}.Debug|Any CPU.ActiveCfg = Debug|Any CPU
		{14FAA2E6-3233-4566-8A79-9421DA6C5CE4}.Debug|Any CPU.Build.0 = Debug|Any CPU
		{14FAA2E6-3233-4566-8A79-9421DA6C5CE4}.Release|Any CPU.ActiveCfg = Release|Any CPU
		{14FAA2E6-3233-4566-8A79-9421DA6C5CE4}.Release|Any CPU.Build.0 = Release|Any CPU
	EndGlobalSection
	GlobalSection(SolutionProperties) = preSolution
		HideSolutionNode = FALSE
	EndGlobalSection
	GlobalSection(ExtensibilityGlobals) = postSolution
		SolutionGuid = {F6F2B89D-7178-4EA8-851C-BCD69B8BCC15}
	EndGlobalSection
EndGlobal
